
Microsoft Visual Studio Solution File, Format Version 12.00
# Visual Studio Version 17
VisualStudioVersion = 17.1.32319.34
MinimumVisualStudioVersion = 10.0.40219.1
Project("{2150E333-8FDC-42A3-9474-1A3956D46DE8}") = "Level0", "Level0", "{3D9B0CF6-7BA5-4CAD-A4B9-E8AA65A85DE0}"
EndProject
Project("{2150E333-8FDC-42A3-9474-1A3956D46DE8}") = "Level1", "Level1", "{E97DD7C8-31E4-4EDE-80E5-AE2F68BA2BFA}"
EndProject
Project("{2150E333-8FDC-42A3-9474-1A3956D46DE8}") = "Level2", "Level2", "{7F48D5DB-63E8-4586-BB0E-1006868B1DBF}"
EndProject
Project("{2150E333-8FDC-42A3-9474-1A3956D46DE8}") = "Level3", "Level3", "{12EF9827-C573-428D-9839-6CEDE81DC42C}"
EndProject
Project("{8BC9CEB8-8B4A-11D0-8D11-00A0C91BC942}") = "GameEngine", "GameEngine\GameEngine.vcxproj", "{3BFBA927-1D22-4777-9FE8-9204BC1D8EAC}"
EndProject
Project("{8BC9CEB8-8B4A-11D0-8D11-00A0C91BC942}") = "GameEngineBase", "GameEngineBase\GameEngineBase.vcxproj", "{5AFAE6F0-AEBD-4BCC-B000-8C573BE09F54}"
EndProject
Project("{8BC9CEB8-8B4A-11D0-8D11-00A0C91BC942}") = "GameEngineContents", "GameEngineContents\GameEngineContents.vcxproj", "{A5156C55-36DE-40F6-BC79-064AA4013EF9}"
	ProjectSection(ProjectDependencies) = postProject
		{3BFBA927-1D22-4777-9FE8-9204BC1D8EAC} = {3BFBA927-1D22-4777-9FE8-9204BC1D8EAC}
		{5AFAE6F0-AEBD-4BCC-B000-8C573BE09F54} = {5AFAE6F0-AEBD-4BCC-B000-8C573BE09F54}
	EndProjectSection
EndProject
Project("{8BC9CEB8-8B4A-11D0-8D11-00A0C91BC942}") = "GameApp", "GameApp\GameApp.vcxproj", "{167E37A4-9E65-43DF-B864-1352405ACC0B}"
	ProjectSection(ProjectDependencies) = postProject
		{A5156C55-36DE-40F6-BC79-064AA4013EF9} = {A5156C55-36DE-40F6-BC79-064AA4013EF9}
	EndProjectSection
EndProject
Global
	GlobalSection(SolutionConfigurationPlatforms) = preSolution
		Debug|x64 = Debug|x64
		Debug|x86 = Debug|x86
		Release|x64 = Release|x64
		Release|x86 = Release|x86
	EndGlobalSection
	GlobalSection(ProjectConfigurationPlatforms) = postSolution
		{3BFBA927-1D22-4777-9FE8-9204BC1D8EAC}.Debug|x64.ActiveCfg = Debug|x64
		{3BFBA927-1D22-4777-9FE8-9204BC1D8EAC}.Debug|x64.Build.0 = Debug|x64
		{3BFBA927-1D22-4777-9FE8-9204BC1D8EAC}.Debug|x86.ActiveCfg = Debug|Win32
		{3BFBA927-1D22-4777-9FE8-9204BC1D8EAC}.Debug|x86.Build.0 = Debug|Win32
		{3BFBA927-1D22-4777-9FE8-9204BC1D8EAC}.Release|x64.ActiveCfg = Release|x64
		{3BFBA927-1D22-4777-9FE8-9204BC1D8EAC}.Release|x64.Build.0 = Release|x64
		{3BFBA927-1D22-4777-9FE8-9204BC1D8EAC}.Release|x86.ActiveCfg = Release|Win32
		{3BFBA927-1D22-4777-9FE8-9204BC1D8EAC}.Release|x86.Build.0 = Release|Win32
		{5AFAE6F0-AEBD-4BCC-B000-8C573BE09F54}.Debug|x64.ActiveCfg = Debug|x64
		{5AFAE6F0-AEBD-4BCC-B000-8C573BE09F54}.Debug|x64.Build.0 = Debug|x64
		{5AFAE6F0-AEBD-4BCC-B000-8C573BE09F54}.Debug|x86.ActiveCfg = Debug|Win32
		{5AFAE6F0-AEBD-4BCC-B000-8C573BE09F54}.Debug|x86.Build.0 = Debug|Win32
		{5AFAE6F0-AEBD-4BCC-B000-8C573BE09F54}.Release|x64.ActiveCfg = Release|x64
		{5AFAE6F0-AEBD-4BCC-B000-8C573BE09F54}.Release|x64.Build.0 = Release|x64
		{5AFAE6F0-AEBD-4BCC-B000-8C573BE09F54}.Release|x86.ActiveCfg = Release|Win32
		{5AFAE6F0-AEBD-4BCC-B000-8C573BE09F54}.Release|x86.Build.0 = Release|Win32
		{A5156C55-36DE-40F6-BC79-064AA4013EF9}.Debug|x64.ActiveCfg = Debug|x64
		{A5156C55-36DE-40F6-BC79-064AA4013EF9}.Debug|x64.Build.0 = Debug|x64
		{A5156C55-36DE-40F6-BC79-064AA4013EF9}.Debug|x86.ActiveCfg = Debug|Win32
		{A5156C55-36DE-40F6-BC79-064AA4013EF9}.Debug|x86.Build.0 = Debug|Win32
		{A5156C55-36DE-40F6-BC79-064AA4013EF9}.Release|x64.ActiveCfg = Release|x64
		{A5156C55-36DE-40F6-BC79-064AA4013EF9}.Release|x64.Build.0 = Release|x64
		{A5156C55-36DE-40F6-BC79-064AA4013EF9}.Release|x86.ActiveCfg = Release|Win32
		{A5156C55-36DE-40F6-BC79-064AA4013EF9}.Release|x86.Build.0 = Release|Win32
		{167E37A4-9E65-43DF-B864-1352405ACC0B}.Debug|x64.ActiveCfg = Debug|x64
		{167E37A4-9E65-43DF-B864-1352405ACC0B}.Debug|x64.Build.0 = Debug|x64
		{167E37A4-9E65-43DF-B864-1352405ACC0B}.Debug|x86.ActiveCfg = Debug|Win32
		{167E37A4-9E65-43DF-B864-1352405ACC0B}.Debug|x86.Build.0 = Debug|Win32
		{167E37A4-9E65-43DF-B864-1352405ACC0B}.Release|x64.ActiveCfg = Release|x64
		{167E37A4-9E65-43DF-B864-1352405ACC0B}.Release|x64.Build.0 = Release|x64
		{167E37A4-9E65-43DF-B864-1352405ACC0B}.Release|x86.ActiveCfg = Release|Win32
		{167E37A4-9E65-43DF-B864-1352405ACC0B}.Release|x86.Build.0 = Release|Win32
	EndGlobalSection
	GlobalSection(SolutionProperties) = preSolution
		HideSolutionNode = FALSE
	EndGlobalSection
	GlobalSection(NestedProjects) = preSolution
		{3BFBA927-1D22-4777-9FE8-9204BC1D8EAC} = {E97DD7C8-31E4-4EDE-80E5-AE2F68BA2BFA}
		{5AFAE6F0-AEBD-4BCC-B000-8C573BE09F54} = {3D9B0CF6-7BA5-4CAD-A4B9-E8AA65A85DE0}
		{A5156C55-36DE-40F6-BC79-064AA4013EF9} = {7F48D5DB-63E8-4586-BB0E-1006868B1DBF}
		{167E37A4-9E65-43DF-B864-1352405ACC0B} = {12EF9827-C573-428D-9839-6CEDE81DC42C}
	EndGlobalSection
	GlobalSection(ExtensibilityGlobals) = postSolution
		SolutionGuid = {3C057FFF-F1D6-4C3F-B350-CA2C4FEBC236}
	EndGlobalSection
EndGlobal
