<?xml version="1.0" encoding="utf-8"?>
<Project ToolsVersion="4.0" xmlns="http://schemas.microsoft.com/developer/msbuild/2003">
  <ItemGroup>
    <ClInclude Include="CrazyArcade.h" />
    <ClInclude Include="Player.h">
      <Filter>Actor\Play</Filter>
    </ClInclude>
    <ClInclude Include="Player_Bazzi.h">
      <Filter>Actor\Play</Filter>
    </ClInclude>
    <ClInclude Include="MapBackGround.h">
      <Filter>Actor\Map</Filter>
    </ClInclude>
    <ClInclude Include="MapGameObject.h">
      <Filter>Actor\Map</Filter>
    </ClInclude>
    <ClInclude Include="CampLevel.h">
      <Filter>Level\PlayLevel</Filter>
    </ClInclude>
    <ClInclude Include="CemeteryLevel.h">
      <Filter>Level\PlayLevel</Filter>
    </ClInclude>
    <ClInclude Include="VillageLevel.h">
      <Filter>Level\PlayLevel</Filter>
    </ClInclude>
    <ClInclude Include="Monster2Level.h">
      <Filter>Level\PlayLevel</Filter>
    </ClInclude>
    <ClInclude Include="BossLevel.h">
      <Filter>Level\PlayLevel\Monster</Filter>
    </ClInclude>
    <ClInclude Include="Monster1Level.h">
      <Filter>Level\PlayLevel\Monster</Filter>
    </ClInclude>
    <ClInclude Include="Monster2Level.h">
      <Filter>Level\PlayLevel\Monster</Filter>
    </ClInclude>
    <ClInclude Include="Boss.h">
      <Filter>Actor\Play\Monster</Filter>
    </ClInclude>
    <ClInclude Include="Monster.h">
      <Filter>Actor\Play\Monster</Filter>
    </ClInclude>
    <ClInclude Include="Monster1.h">
      <Filter>Actor\Play\Monster</Filter>
    </ClInclude>
    <ClInclude Include="Monster2.h">
      <Filter>Actor\Play\Monster</Filter>
    </ClInclude>
        <ClInclude Include="ContentsEnum.h" />
    <ClInclude Include="LoginLevel.h">
      <Filter>Level\PlayLevel</Filter>
    </ClInclude>
    <ClInclude Include="LoginBackGround.h">
      <Filter>Actor\UI</Filter>
    </ClInclude>
    <ClInclude Include="Mouse.h">
      <Filter>Actor\UI</Filter>
    </ClInclude>
    <ClInclude Include="LoginButton.h">
      <Filter>Actor\UI</Filter>
    </ClInclude>
    <ClInclude Include="ContentsEnum.h" />
    <ClInclude Include="IntroLevel.h">
      <Filter>Level\IntroLevel</Filter>
    </ClInclude>
    <ClInclude Include="VideoPlayer.h">
      <Filter>Level\IntroLevel</Filter>
    </ClInclude>
    <ClInclude Include="TitleLevel.h">
      <Filter>Level\TitleLevel</Filter>
    </ClInclude>
    <ClInclude Include="MapTeamTest.h">
      <Filter>Level\TestLevel</Filter>
    </ClInclude>
    <ClInclude Include="PlayerTeamTest.h">
      <Filter>Level\TestLevel</Filter>
    </ClInclude>
    <ClInclude Include="UITeamTest.h">
      <Filter>Level\TestLevel</Filter>
    </ClInclude>
  </ItemGroup>
  <ItemGroup>
    <ClCompile Include="CrazyArcade.cpp" />
    <ClCompile Include="Player.cpp">
      <Filter>Actor\Play</Filter>
    </ClCompile>
    <ClCompile Include="Player_State.cpp">
      <Filter>Actor\Play</Filter>
    </ClCompile>
    <ClCompile Include="Player_Bazzi.cpp">
      <Filter>Actor\Play</Filter>
    </ClCompile>
    <ClCompile Include="BossLevel.cpp">
      <Filter>Level\PlayLevel</Filter>
    </ClCompile>
    <ClCompile Include="CampLevel.cpp">
      <Filter>Level\PlayLevel</Filter>
    </ClCompile>
    <ClCompile Include="CemeteryLevel.cpp">
      <Filter>Level\PlayLevel</Filter>
    </ClCompile>
    <ClCompile Include="VillageLevel.cpp">
      <Filter>Level\PlayLevel</Filter>
    </ClCompile>
    <ClCompile Include="MapBackGround.cpp">
      <Filter>Actor\Map</Filter>
    </ClCompile>
    <ClCompile Include="MapGameObject.cpp">
      <Filter>Actor\Map</Filter>
    </ClCompile>
    <ClCompile Include="CampLevel.cpp">
      <Filter>Level\PlayLevel</Filter>
    </ClCompile>
    <ClCompile Include="CemeteryLevel.cpp">
      <Filter>Level\PlayLevel</Filter>
    </ClCompile>
    <ClCompile Include="VillageLevel.cpp">
      <Filter>Level\PlayLevel</Filter>
    </ClCompile>
    <ClCompile Include="Monster2Level.cpp">
      <Filter>Level\PlayLevel</Filter>
    </ClCompile>
    <ClCompile Include="BossLevel.cpp">
      <Filter>Level\PlayLevel\Monster</Filter>
    </ClCompile>
    <ClCompile Include="Monster1Level.cpp">
      <Filter>Level\PlayLevel\Monster</Filter>
    </ClCompile>
    <ClCompile Include="Monster2Level.cpp">
      <Filter>Level\PlayLevel\Monster</Filter>
    </ClCompile>
    <ClCompile Include="Boss.cpp">
      <Filter>Actor\Play\Monster</Filter>
    </ClCompile>
    <ClCompile Include="Monster.cpp">
      <Filter>Actor\Play\Monster</Filter>
    </ClCompile>
    <ClCompile Include="Monster1.cpp">
      <Filter>Actor\Play\Monster</Filter>
    </ClCompile>
    <ClCompile Include="Monster2.cpp">
      <Filter>Actor\Play\Monster</Filter>
    </ClCompile>
        <ClCompile Include="LoginLevel.cpp">
      <Filter>Level\PlayLevel</Filter>
    </ClCompile>
    <ClCompile Include="LoginBackGround.cpp">
      <Filter>Actor\UI</Filter>
    </ClCompile>
    <ClCompile Include="Mouse.cpp">
      <Filter>Actor\UI</Filter>
    </ClCompile>
    <ClCompile Include="LoginButton.cpp">
      <Filter>Actor\UI</Filter>
    </ClCompile>
    <ClCompile Include="IntroLevel.cpp">
      <Filter>Level\IntroLevel</Filter>
    </ClCompile>
    <ClCompile Include="VideoPlayer.cpp">
      <Filter>Level\IntroLevel</Filter>
    </ClCompile>
    <ClCompile Include="TitleLevel.cpp">
      <Filter>Level\TitleLevel</Filter>
    </ClCompile>
    <ClCompile Include="MapTeamTest.cpp">
      <Filter>Level\TestLevel</Filter>
    </ClCompile>
    <ClCompile Include="PlayerTeamTest.cpp">
      <Filter>Level\TestLevel</Filter>
    </ClCompile>
    <ClCompile Include="UITeamTest.cpp">
      <Filter>Level\TestLevel</Filter>
    </ClCompile>
  </ItemGroup>
  <ItemGroup>
    <Filter Include="Level">
      <UniqueIdentifier>{4808567f-fb38-4306-9a18-6da27942c3e3}</UniqueIdentifier>
    </Filter>
    <Filter Include="Actor">
      <UniqueIdentifier>{6f1effb0-18fa-419e-9443-cd76c33b3c95}</UniqueIdentifier>
    </Filter>
    <Filter Include="Actor\Play">
      <UniqueIdentifier>{b7fee2e0-7ea1-40ee-9140-b6de1e23d85f}</UniqueIdentifier>
    </Filter>
    <Filter Include="Actor\Map">
      <UniqueIdentifier>{46e09254-661a-478b-abba-f355aaaab1d5}</UniqueIdentifier>
    </Filter>
    <Filter Include="Level\PlayLevel">
      <UniqueIdentifier>{210652a4-fc8f-4eab-908a-101147861dfe}</UniqueIdentifier>
    </Filter>
    <Filter Include="Level\PlayLevel\Monster">
      <UniqueIdentifier>{6663bca6-7dce-49ed-be76-b8cc9f88f639}</UniqueIdentifier>
    </Filter>
    <Filter Include="Actor\Play\Monster">
      <UniqueIdentifier>{ea085e4f-b567-4902-b075-40eb65f5331a}</UniqueIdentifier>
    </Filter>
    <Filter Include="Level\PlayLevel">
      <UniqueIdentifier>{f11dbdb3-72be-4162-9605-53a59d87e2c6}</UniqueIdentifier>
    </Filter>
       <Filter Include="Actor\UI">
      <UniqueIdentifier>{b0aa6619-e9b1-40ba-85ce-6353b28d0955}</UniqueIdentifier>
    </Filter>
    <Filter Include="Level\IntroLevel">
      <UniqueIdentifier>{517171fe-145b-47fd-94f0-048bb38a54a1}</UniqueIdentifier>
    </Filter>
    <Filter Include="Level\TitleLevel">
      <UniqueIdentifier>{cd46ac79-2c6f-4f1e-9178-ed2604516a5b}</UniqueIdentifier>
    </Filter>
    <Filter Include="Level\TestLevel">
      <UniqueIdentifier>{15c289d0-3a3a-4d6e-8b15-a6b59ef04e03}</UniqueIdentifier>
    </Filter>
  </ItemGroup>
</Project>