<?xml version="1.0" encoding="utf-8"?>
<Project ToolsVersion="4.0" xmlns="http://schemas.microsoft.com/developer/msbuild/2003">
  <ItemGroup>
    <ClInclude Include="CrazyArcade.h" />
    <ClInclude Include="MapBackGround.h">
      <Filter>Actor\Map</Filter>
    </ClInclude>
    <ClInclude Include="CampLevel.h">
      <Filter>Level\PlayLevel</Filter>
    </ClInclude>
    <ClInclude Include="CemetoryLevel.h">
      <Filter>Level\PlayLevel</Filter>
    </ClInclude>
    <ClInclude Include="VillageLevel.h">
      <Filter>Level\PlayLevel</Filter>
    </ClInclude>
    <ClInclude Include="Monster2Level.h">
      <Filter>Level\PlayLevel</Filter>
    </ClInclude>
    <ClInclude Include="BossLevel.h">
      <Filter>Level\PlayLevel\Monster</Filter>
    </ClInclude>
    <ClInclude Include="Monster1Level.h">
      <Filter>Level\PlayLevel\Monster</Filter>
    </ClInclude>
    <ClInclude Include="Monster2Level.h">
      <Filter>Level\PlayLevel\Monster</Filter>
    </ClInclude>
    <ClInclude Include="Boss.h">
      <Filter>Actor\Play\Monster</Filter>
    </ClInclude>
    <ClInclude Include="Monster.h">
      <Filter>Actor\Play\Monster</Filter>
    </ClInclude>
    <ClInclude Include="Monster1.h">
      <Filter>Actor\Play\Monster</Filter>
    </ClInclude>
    <ClInclude Include="Monster2.h">
      <Filter>Actor\Play\Monster</Filter>
    </ClInclude>
    <ClInclude Include="ContentsEnum.h" />
    <ClInclude Include="ContentsEnum.h" />
    <ClInclude Include="IntroLevel.h">
      <Filter>Level\IntroLevel</Filter>
    </ClInclude>
    <ClInclude Include="VideoPlayer.h">
      <Filter>Level\IntroLevel</Filter>
    </ClInclude>
    <ClInclude Include="TitleLevel.h">
      <Filter>Level\TitleLevel</Filter>
    </ClInclude>
    <ClInclude Include="MapTeamTest.h">
      <Filter>Level\TestLevel</Filter>
    </ClInclude>
    <ClInclude Include="PlayerTeamTest.h">
      <Filter>Level\TestLevel</Filter>
    </ClInclude>
    <ClInclude Include="UITeamTest.h">
      <Filter>Level\TestLevel</Filter>
    </ClInclude>
    <ClInclude Include="MapFront.h">
      <Filter>Actor\Map</Filter>
    </ClInclude>
    <ClInclude Include="Player.h">
      <Filter>Actor\Play\Player</Filter>
    </ClInclude>
    <ClInclude Include="LoginLevel.h">
      <Filter>Level\UILevel</Filter>
    </ClInclude>
    <ClInclude Include="LoginBackGround.h">
      <Filter>Actor\Play\Player\UI\Login</Filter>
    </ClInclude>
    <ClInclude Include="CreateRoomBackGround.h">
      <Filter>Actor\Play\Player\UI</Filter>
    </ClInclude>
    <ClInclude Include="RoomLevel.h">
      <Filter>Level\UILevel</Filter>
    </ClInclude>
    <ClInclude Include="RoomCharaterSelectUI.h">
      <Filter>Actor\Play\Player\UI\Room</Filter>
    </ClInclude>
    <ClInclude Include="Area.h">
      <Filter>Actor\Play\Monster</Filter>
    </ClInclude>
    <ClInclude Include="RoomBackGround.h">
      <Filter>Actor\Play\Player\UI\Room</Filter>
    </ClInclude>
    <ClInclude Include="StartButton.h">
      <Filter>Actor\Play\Player\UI\Room</Filter>
    </ClInclude>
    <ClInclude Include="CreateRoomBackGround.h">
      <Filter>Actor\UI\RoomCreate</Filter>
    </ClInclude>
    <ClInclude Include="StartIntroUI.h">
      <Filter>Actor\Play\Player\UI\Play</Filter>
    </ClInclude>
    <ClInclude Include="TimeUI.h">
      <Filter>Actor\Play\Player\UI\Play</Filter>
    </ClInclude>
    <ClInclude Include="PlayBackGround.h">
      <Filter>Actor\Play\Player\UI\Play</Filter>
    </ClInclude>
    <ClInclude Include="ChoiceMap.h">
      <Filter>Actor\Play\Player\UI\MapChoice</Filter>
    </ClInclude>
    <ClInclude Include="GameItemObject.h">
      <Filter>Actor\Map</Filter>
    </ClInclude>
    <ClInclude Include="Mouse.h">
      <Filter>Actor\Etc</Filter>
    </ClInclude>
    <ClInclude Include="TileMapEditor.h">
      <Filter>Actor\Map\TileMapEditor</Filter>
    </ClInclude>
    <ClInclude Include="TileMapEditorLevel.h">
      <Filter>Level\TileMapEditorLevel</Filter>
    </ClInclude>
    <ClInclude Include="TextArea.h">
      <Filter>Actor\Etc</Filter>
    </ClInclude>
    <ClInclude Include="MapChoiceUI.h">
      <Filter>Actor\Play\Player\UI\Room</Filter>
    </ClInclude>
    <ClInclude Include="GlobalUIName.h">
      <Filter>Actor\Etc</Filter>
    </ClInclude>
    <ClInclude Include="ChattingHistory.h">
      <Filter>Actor\Play\Player\UI\Room</Filter>
    </ClInclude>
    <ClInclude Include="ChattingInput.h">
      <Filter>Actor\Play\Player\UI\Room</Filter>
    </ClInclude>
    <ClInclude Include="MonsterRoomLevel.h">
      <Filter>Level\UILevel</Filter>
    </ClInclude>
    <ClInclude Include="PlayResultUI.h">
      <Filter>Actor\Play\Player\UI\Play</Filter>
    </ClInclude>
    <ClInclude Include="RoomNickName.h">
      <Filter>Actor\Play\Player\UI\Room</Filter>
    </ClInclude>
    <ClInclude Include="PlayerFaceIconUI.h">
      <Filter>Actor\Play\Player\UI\Play</Filter>
    </ClInclude>
    <ClInclude Include="PlayNickName.h">
      <Filter>Actor\Play\Player\UI\Play</Filter>
    </ClInclude>
    <ClInclude Include="Ghost.h">
      <Filter>Actor\Play\Monster</Filter>
    </ClInclude>
    <ClInclude Include="BossBoom.h">
      <Filter>Actor\Play\Monster</Filter>
    </ClInclude>
    <ClInclude Include="GameBgmPlayer.h">
      <Filter>Actor\Etc</Filter>
    </ClInclude>
    <ClInclude Include="MapGameObject.h">
      <Filter>Actor\Map</Filter>
    </ClInclude>
    <ClInclude Include="PlayScoreBoard.h">
      <Filter>Actor\Play\Player\UI\Play</Filter>
    </ClInclude>
    <ClInclude Include="StartMonsterModeUI.h">
      <Filter>Actor\Play\Player\UI\Play</Filter>
    </ClInclude>
  </ItemGroup>
  <ItemGroup>
    <ClCompile Include="BossLevel.cpp">
      <Filter>Level\PlayLevel</Filter>
    </ClCompile>
    <ClCompile Include="CampLevel.cpp">
      <Filter>Level\PlayLevel</Filter>
    </ClCompile>
    <ClCompile Include="CemetoryLevel.cpp">
      <Filter>Level\PlayLevel</Filter>
    </ClCompile>
    <ClCompile Include="VillageLevel.cpp">
      <Filter>Level\PlayLevel</Filter>
    </ClCompile>
    <ClCompile Include="MapBackGround.cpp">
      <Filter>Actor\Map</Filter>
    </ClCompile>
    <ClCompile Include="MapGameObject.cpp">
      <Filter>Actor\Map</Filter>
    </ClCompile>
    <ClCompile Include="CampLevel.cpp">
      <Filter>Level\PlayLevel</Filter>
    </ClCompile>
    <ClCompile Include="VillageLevel.cpp">
      <Filter>Level\PlayLevel</Filter>
    </ClCompile>
    <ClCompile Include="Monster2Level.cpp">
      <Filter>Level\PlayLevel</Filter>
    </ClCompile>
    <ClCompile Include="BossLevel.cpp">
      <Filter>Level\PlayLevel\Monster</Filter>
    </ClCompile>
    <ClCompile Include="Monster1Level.cpp">
      <Filter>Level\PlayLevel\Monster</Filter>
    </ClCompile>
    <ClCompile Include="Monster2Level.cpp">
      <Filter>Level\PlayLevel\Monster</Filter>
    </ClCompile>
    <ClCompile Include="Boss.cpp">
      <Filter>Actor\Play\Monster</Filter>
    </ClCompile>
    <ClCompile Include="Monster.cpp">
      <Filter>Actor\Play\Monster</Filter>
    </ClCompile>
    <ClCompile Include="Monster1.cpp">
      <Filter>Actor\Play\Monster</Filter>
    </ClCompile>
    <ClCompile Include="Monster2.cpp">
      <Filter>Actor\Play\Monster</Filter>
    </ClCompile>
    <ClCompile Include="IntroLevel.cpp">
      <Filter>Level\IntroLevel</Filter>
    </ClCompile>
    <ClCompile Include="VideoPlayer.cpp">
      <Filter>Level\IntroLevel</Filter>
    </ClCompile>
    <ClCompile Include="TitleLevel.cpp">
      <Filter>Level\TitleLevel</Filter>
    </ClCompile>
    <ClCompile Include="MapTeamTest.cpp">
      <Filter>Level\TestLevel</Filter>
    </ClCompile>
    <ClCompile Include="PlayerTeamTest.cpp">
      <Filter>Level\TestLevel</Filter>
    </ClCompile>
    <ClCompile Include="UITeamTest.cpp">
      <Filter>Level\TestLevel</Filter>
    </ClCompile>
    <ClCompile Include="Player.cpp">
      <Filter>Actor\Play\Player</Filter>
    </ClCompile>
    <ClCompile Include="Player_State.cpp">
      <Filter>Actor\Play\Player</Filter>
    </ClCompile>
    <ClCompile Include="MapFront.cpp">
      <Filter>Actor\Map</Filter>
    </ClCompile>
    <ClCompile Include="LoginLevel.cpp">
      <Filter>Level\UILevel</Filter>
    </ClCompile>
    <ClCompile Include="LoginBackGround.cpp">
      <Filter>Actor\Play\Player\UI\Login</Filter>
    </ClCompile>
    <ClCompile Include="CreateRoomBackGround.cpp">
      <Filter>Actor\Play\Player\UI</Filter>
    </ClCompile>
    <ClCompile Include="Area.cpp">
      <Filter>Actor\Play\Monster</Filter>
    </ClCompile>
    <ClCompile Include="RoomCharaterSelectUI.cpp">
      <Filter>Actor\Play\Player\UI\Room</Filter>
    </ClCompile>
    <ClCompile Include="RoomBackGround.cpp">
      <Filter>Actor\Play\Player\UI\Room</Filter>
    </ClCompile>
    <ClCompile Include="RoomLevel.cpp">
      <Filter>Level\UILevel</Filter>
    </ClCompile>
    <ClCompile Include="StartButton.cpp">
      <Filter>Actor\Play\Player\UI\Room</Filter>
    </ClCompile>
    <ClCompile Include="CreateRoomBackGround.cpp">
      <Filter>Actor\UI\RoomCreate</Filter>
    </ClCompile>
    <ClCompile Include="StartIntroUI.cpp">
      <Filter>Actor\Play\Player\UI\Play</Filter>
    </ClCompile>
    <ClCompile Include="TimeUI.cpp">
      <Filter>Actor\Play\Player\UI\Play</Filter>
    </ClCompile>
    <ClCompile Include="PlayBackGround.cpp">
      <Filter>Actor\Play\Player\UI\Play</Filter>
    </ClCompile>
    <ClCompile Include="ChoiceMap.cpp">
      <Filter>Actor\Play\Player\UI\MapChoice</Filter>
    </ClCompile>
    <ClCompile Include="CrazyArcade.cpp" />
    <ClCompile Include="GameItemObject.cpp">
      <Filter>Actor\Map</Filter>
    </ClCompile>
    <ClCompile Include="Mouse.cpp">
      <Filter>Actor\Etc</Filter>
    </ClCompile>
    <ClCompile Include="TileMapEditor.cpp">
      <Filter>Actor\Map\TileMapEditor</Filter>
    </ClCompile>
    <ClCompile Include="TileMapEditorLevel.cpp">
      <Filter>Level\TileMapEditorLevel</Filter>
    </ClCompile>
    <ClCompile Include="TextArea.cpp">
      <Filter>Actor\Etc</Filter>
    </ClCompile>
    <ClCompile Include="MapChoiceUI.cpp">
      <Filter>Actor\Play\Player\UI\Room</Filter>
    </ClCompile>
    <ClCompile Include="GlobalUIName.cpp">
      <Filter>Actor\Etc</Filter>
    </ClCompile>
    <ClCompile Include="ChattingInput.cpp">
      <Filter>Actor\Play\Player\UI\Room</Filter>
    </ClCompile>
    <ClCompile Include="MonsterRoomLevel.cpp">
      <Filter>Level\UILevel</Filter>
    </ClCompile>
    <ClCompile Include="PlayResultUI.cpp">
      <Filter>Actor\Play\Player\UI\Play</Filter>
    </ClCompile>
    <ClCompile Include="RoomNickName.cpp">
      <Filter>Actor\Play\Player\UI\Room</Filter>
    </ClCompile>
    <ClCompile Include="PlayerFaceIconUI.cpp">
      <Filter>Actor\Play\Player\UI\Play</Filter>
    </ClCompile>
    <ClCompile Include="PlayNickName.cpp">
      <Filter>Actor\Play\Player\UI\Play</Filter>
    </ClCompile>
    <ClCompile Include="PlayScoreBoard.cpp">
      <Filter>Actor\Play\Player\UI\Play</Filter>
    </ClCompile>
    <ClCompile Include="Ghost.cpp">
      <Filter>Actor\Play\Monster</Filter>
    </ClCompile>
    <ClCompile Include="BossBoom.cpp">
      <Filter>Actor\Play\Monster</Filter>
    </ClCompile>
    <ClCompile Include="Player_Key.cpp">
      <Filter>Actor\Play\Player</Filter>
    </ClCompile>
    <ClCompile Include="Player_TileCheck.cpp">
      <Filter>Actor\Play\Player</Filter>
    </ClCompile>
    <ClCompile Include="Player_ItemCheck.cpp">
      <Filter>Actor\Play\Player</Filter>
    </ClCompile>
    <ClCompile Include="GameBgmPlayer.cpp">
      <Filter>Actor\Etc</Filter>
    </ClCompile>
    <ClCompile Include="ChattingHistory.cpp">
      <Filter>Actor\UI</Filter>
    </ClCompile>
    <ClCompile Include="StartMonsterModeUI.cpp">
      <Filter>Actor\Play\Player\UI\Play</Filter>
    </ClCompile>
    <ClCompile Include="ChattingHistory.cpp">
      <Filter>Actor\Play\Player\UI\Room</Filter>
    </ClCompile>
  </ItemGroup>
  <ItemGroup>
    <Filter Include="Level">
      <UniqueIdentifier>{4808567f-fb38-4306-9a18-6da27942c3e3}</UniqueIdentifier>
    </Filter>
    <Filter Include="Actor">
      <UniqueIdentifier>{6f1effb0-18fa-419e-9443-cd76c33b3c95}</UniqueIdentifier>
    </Filter>
    <Filter Include="Actor\Map">
      <UniqueIdentifier>{46e09254-661a-478b-abba-f355aaaab1d5}</UniqueIdentifier>
    </Filter>
    <Filter Include="Level\PlayLevel">
      <UniqueIdentifier>{210652a4-fc8f-4eab-908a-101147861dfe}</UniqueIdentifier>
    </Filter>
    <Filter Include="Level\PlayLevel\Monster">
      <UniqueIdentifier>{6663bca6-7dce-49ed-be76-b8cc9f88f639}</UniqueIdentifier>
    </Filter>
    <Filter Include="Level\PlayLevel">
      <UniqueIdentifier>{f11dbdb3-72be-4162-9605-53a59d87e2c6}</UniqueIdentifier>
    </Filter>
    <Filter Include="Level\TitleLevel">
      <UniqueIdentifier>{cd46ac79-2c6f-4f1e-9178-ed2604516a5b}</UniqueIdentifier>
    </Filter>
    <Filter Include="Level\TestLevel">
      <UniqueIdentifier>{15c289d0-3a3a-4d6e-8b15-a6b59ef04e03}</UniqueIdentifier>
    </Filter>
    <Filter Include="Level\UILevel">
      <UniqueIdentifier>{e9ee14d2-e4c2-477e-8fe6-2be990508e95}</UniqueIdentifier>
    </Filter>
    <Filter Include="Actor\UI\Login">
      <UniqueIdentifier>{b1f1557b-bdea-4ad9-b8e5-e6af4747c4c2}</UniqueIdentifier>
    </Filter>
    <Filter Include="Actor\UI\RoomCreate">
      <UniqueIdentifier>{61c51dcf-e1e9-4d12-9c53-b93473a15c22}</UniqueIdentifier>
    </Filter>
    <Filter Include="Actor\UI\Play">
      <UniqueIdentifier>{1e87fa18-9799-48aa-81c6-ecb1222944e1}</UniqueIdentifier>
    </Filter>
    <Filter Include="Actor\UI\MapChoice">
      <UniqueIdentifier>{5df733e4-9135-47d2-91eb-49c84a202e22}</UniqueIdentifier>
    </Filter>
    <Filter Include="Level\IntroLevel">
      <UniqueIdentifier>{517171fe-145b-47fd-94f0-048bb38a54a1}</UniqueIdentifier>
    </Filter>
    <Filter Include="Actor\Play">
      <UniqueIdentifier>{b7fee2e0-7ea1-40ee-9140-b6de1e23d85f}</UniqueIdentifier>
    </Filter>
    <Filter Include="Actor\Play\Player">
      <UniqueIdentifier>{dc4135af-0179-4215-8ef7-920fd4d2c8b5}</UniqueIdentifier>
    </Filter>
    <Filter Include="Actor\Play\Monster">
      <UniqueIdentifier>{ea085e4f-b567-4902-b075-40eb65f5331a}</UniqueIdentifier>
    </Filter>
    <Filter Include="Actor\Etc">
      <UniqueIdentifier>{8b350e09-c2c8-49e5-a9de-9245a0de9cf3}</UniqueIdentifier>
    </Filter>
    <Filter Include="Actor\Map\TileMapEditor">
      <UniqueIdentifier>{c8e5a761-0f32-4e1e-ab91-f3ca44c14aba}</UniqueIdentifier>
    </Filter>
    <Filter Include="Level\TileMapEditorLevel">
      <UniqueIdentifier>{de1c8388-a91f-46ab-b38b-099b3a10b351}</UniqueIdentifier>
    </Filter>
    <Filter Include="Actor\Play\Player\UI">
      <UniqueIdentifier>{b0aa6619-e9b1-40ba-85ce-6353b28d0955}</UniqueIdentifier>
    </Filter>
    <Filter Include="Actor\Play\Player\UI\Login">
      <UniqueIdentifier>{b1f1557b-bdea-4ad9-b8e5-e6af4747c4c2}</UniqueIdentifier>
    </Filter>
    <Filter Include="Actor\Play\Player\UI\RoomCreate">
      <UniqueIdentifier>{61c51dcf-e1e9-4d12-9c53-b93473a15c22}</UniqueIdentifier>
    </Filter>
    <Filter Include="Actor\Play\Player\UI\Play">
      <UniqueIdentifier>{1e87fa18-9799-48aa-81c6-ecb1222944e1}</UniqueIdentifier>
    </Filter>
    <Filter Include="Actor\Play\Player\UI\MapChoice">
      <UniqueIdentifier>{5df733e4-9135-47d2-91eb-49c84a202e22}</UniqueIdentifier>
    </Filter>
    <Filter Include="Actor\Play\Player\UI\Room">
      <UniqueIdentifier>{2e4a20aa-9014-4c87-b2e0-277cd5a910f4}</UniqueIdentifier>
    </Filter>
    <Filter Include="Actor\UI\Play">
      <UniqueIdentifier>{1e87fa18-9799-48aa-81c6-ecb1222944e1}</UniqueIdentifier>
    </Filter>
  </ItemGroup>
</Project>