<?xml version="1.0" encoding="utf-8"?>
<Project ToolsVersion="4.0" xmlns="http://schemas.microsoft.com/developer/msbuild/2003">
  <ItemGroup>
    <ClInclude Include="CrazyArcade.h" />
    <ClInclude Include="TitleLevel.h">
      <Filter>Level</Filter>
    </ClInclude>
    <ClInclude Include="TitleBackGround.h">
      <Filter>Actor</Filter>
    </ClInclude>
    <ClInclude Include="IntroLevel.h">
      <Filter>Level</Filter>
    </ClInclude>
    <ClInclude Include="VideoPlayer.h" />
    <ClInclude Include="Block.h">
      <Filter>Actor\Map</Filter>
    </ClInclude>
  </ItemGroup>
  <ItemGroup>
    <ClCompile Include="CrazyArcade.cpp" />
    <ClCompile Include="TitleLevel.cpp">
      <Filter>Level</Filter>
    </ClCompile>
    <ClCompile Include="TitleBackGround.cpp">
      <Filter>Actor</Filter>
    </ClCompile>
    <ClCompile Include="IntroLevel.cpp">
      <Filter>Level</Filter>
    </ClCompile>
    <ClCompile Include="VideoPlayer.cpp" />
    <ClCompile Include="Block.cpp">
      <Filter>Actor\Map</Filter>
    </ClCompile>
  </ItemGroup>
  <ItemGroup>
    <Filter Include="Level">
      <UniqueIdentifier>{4808567f-fb38-4306-9a18-6da27942c3e3}</UniqueIdentifier>
    </Filter>
    <Filter Include="Actor">
      <UniqueIdentifier>{6f1effb0-18fa-419e-9443-cd76c33b3c95}</UniqueIdentifier>
    </Filter>
    <Filter Include="Actor\Map">
      <UniqueIdentifier>{a402bb95-9023-4c8e-b0c7-c25421caacda}</UniqueIdentifier>
    </Filter>
  </ItemGroup>
</Project>